
Microsoft Visual Studio Solution File, Format Version 12.00
# Visual Studio Version 16
VisualStudioVersion = 16.0.29102.190
MinimumVisualStudioVersion = 10.0.40219.1
Project("{FAE04EC0-301F-11D3-BF4B-00C04F79EFBC}") = "WebTemplate.Web", "WebTemplate.Web\WebTemplate.Web.csproj", "{60C71C20-C24F-4CE9-9F01-A18CA18EDDD9}"
EndProject
Project("{FAE04EC0-301F-11D3-BF4B-00C04F79EFBC}") = "WebTemplate.Service", "WebTemplate.Service\WebTemplate.Service.csproj", "{BDAF86A6-08EF-4D5E-A5F5-91A811A556AF}"
EndProject
Project("{FAE04EC0-301F-11D3-BF4B-00C04F79EFBC}") = "WebTemplate.Models", "WebTemplate.Models\WebTemplate.Models.csproj", "{E890470B-A148-4A15-8A57-9934CD0D151B}"
EndProject
Global
	GlobalSection(SolutionConfigurationPlatforms) = preSolution
		Debug|Any CPU = Debug|Any CPU
		Release|Any CPU = Release|Any CPU
	EndGlobalSection
	GlobalSection(ProjectConfigurationPlatforms) = postSolution
		{60C71C20-C24F-4CE9-9F01-A18CA18EDDD9}.Debug|Any CPU.ActiveCfg = Debug|Any CPU
		{60C71C20-C24F-4CE9-9F01-A18CA18EDDD9}.Debug|Any CPU.Build.0 = Debug|Any CPU
		{60C71C20-C24F-4CE9-9F01-A18CA18EDDD9}.Release|Any CPU.ActiveCfg = Release|Any CPU
		{60C71C20-C24F-4CE9-9F01-A18CA18EDDD9}.Release|Any CPU.Build.0 = Release|Any CPU
		{BDAF86A6-08EF-4D5E-A5F5-91A811A556AF}.Debug|Any CPU.ActiveCfg = Debug|Any CPU
		{BDAF86A6-08EF-4D5E-A5F5-91A811A556AF}.Debug|Any CPU.Build.0 = Debug|Any CPU
		{BDAF86A6-08EF-4D5E-A5F5-91A811A556AF}.Release|Any CPU.ActiveCfg = Release|Any CPU
		{BDAF86A6-08EF-4D5E-A5F5-91A811A556AF}.Release|Any CPU.Build.0 = Release|Any CPU
		{E890470B-A148-4A15-8A57-9934CD0D151B}.Debug|Any CPU.ActiveCfg = Debug|Any CPU
		{E890470B-A148-4A15-8A57-9934CD0D151B}.Debug|Any CPU.Build.0 = Debug|Any CPU
		{E890470B-A148-4A15-8A57-9934CD0D151B}.Release|Any CPU.ActiveCfg = Release|Any CPU
		{E890470B-A148-4A15-8A57-9934CD0D151B}.Release|Any CPU.Build.0 = Release|Any CPU
	EndGlobalSection
	GlobalSection(SolutionProperties) = preSolution
		HideSolutionNode = FALSE
	EndGlobalSection
	GlobalSection(ExtensibilityGlobals) = postSolution
		SolutionGuid = {B31FDAFE-A808-4211-A25F-BC7DCDD76F2F}
	EndGlobalSection
EndGlobal
